Microsoft Visual Studio Solution File, Format Version 7.00
Project("{8BC9CEB8-8B4A-11D0-8D11-00A0C91BC942}") = "template", "template\template.vcproj", "{D5FBDCE5-D41E-4069-B29F-D0105D7D3E66}"
EndProject
Project("{8BC9CEB8-8B4A-11D0-8D11-00A0C91BC942}") = "simple", "simple\simple.vcproj", "{5C9BFF2D-58F1-409D-B73B-FBDDF37A67EE}"
EndProject
Project("{8BC9CEB8-8B4A-11D0-8D11-00A0C91BC942}") = "actcfg", "actcfg\actcfg.vcproj", "{D5FBDCE5-D41E-4069-B29F-D0105D7D3E66}"
EndProject
Project("{8BC9CEB8-8B4A-11D0-8D11-00A0C91BC942}") = "msgs", "msgs\msgs.vcproj", "{D5FBDCE5-D41E-4069-B29F-D0105D7D3E66}"
EndProject
Global
	GlobalSection(SolutionConfiguration) = preSolution
		ConfigName.0 = Debug
		ConfigName.1 = Release
	EndGlobalSection
	GlobalSection(ProjectDependencies) = postSolution
	EndGlobalSection
	GlobalSection(ProjectConfiguration) = postSolution
		{D5FBDCE5-D41E-4069-B29F-D0105D7D3E66}.Debug.ActiveCfg = Debug|Win32
		{D5FBDCE5-D41E-4069-B29F-D0105D7D3E66}.Debug.Build.0 = Debug|Win32
		{D5FBDCE5-D41E-4069-B29F-D0105D7D3E66}.Release.ActiveCfg = Release|Win32
		{D5FBDCE5-D41E-4069-B29F-D0105D7D3E66}.Release.Build.0 = Release|Win32
		{5C9BFF2D-58F1-409D-B73B-FBDDF37A67EE}.Debug.ActiveCfg = Debug|Win32
		{5C9BFF2D-58F1-409D-B73B-FBDDF37A67EE}.Debug.Build.0 = Debug|Win32
		{5C9BFF2D-58F1-409D-B73B-FBDDF37A67EE}.Release.ActiveCfg = Release|Win32
		{5C9BFF2D-58F1-409D-B73B-FBDDF37A67EE}.Release.Build.0 = Release|Win32
		{D5FBDCE5-D41E-4069-B29F-D0105D7D3E66}.Debug.ActiveCfg = Debug|Win32
		{D5FBDCE5-D41E-4069-B29F-D0105D7D3E66}.Debug.Build.0 = Debug|Win32
		{D5FBDCE5-D41E-4069-B29F-D0105D7D3E66}.Release.ActiveCfg = Release|Win32
		{D5FBDCE5-D41E-4069-B29F-D0105D7D3E66}.Release.Build.0 = Release|Win32
		{D5FBDCE5-D41E-4069-B29F-D0105D7D3E66}.Debug.ActiveCfg = Debug|Win32
		{D5FBDCE5-D41E-4069-B29F-D0105D7D3E66}.Debug.Build.0 = Debug|Win32
		{D5FBDCE5-D41E-4069-B29F-D0105D7D3E66}.Release.ActiveCfg = Release|Win32
		{D5FBDCE5-D41E-4069-B29F-D0105D7D3E66}.Release.Build.0 = Release|Win32
	EndGlobalSection
	GlobalSection(ExtensibilityGlobals) = postSolution
	EndGlobalSection
	GlobalSection(ExtensibilityAddIns) = postSolution
	EndGlobalSection
EndGlobal
